
Microsoft Visual Studio Solution File, Format Version 12.00
# Visual Studio Version 17
VisualStudioVersion = 17.14.36623.8 d17.14
MinimumVisualStudioVersion = 10.0.40219.1
Project("{FAE04EC0-301F-11D3-BF4B-00C04F79EFBC}") = "Workshop2", "Workshop2\Workshop2.csproj", "{8AABD7BB-C2D3-4898-9600-F405B9DBE30E}"
EndProject
Global
	GlobalSection(SolutionConfigurationPlatforms) = preSolution
		Debug|Any CPU = Debug|Any CPU
		Release|Any CPU = Release|Any CPU
	EndGlobalSection
	GlobalSection(ProjectConfigurationPlatforms) = postSolution
		{8AABD7BB-C2D3-4898-9600-F405B9DBE30E}.Debug|Any CPU.ActiveCfg = Debug|Any CPU
		{8AABD7BB-C2D3-4898-9600-F405B9DBE30E}.Debug|Any CPU.Build.0 = Debug|Any CPU
		{8AABD7BB-C2D3-4898-9600-F405B9DBE30E}.Release|Any CPU.ActiveCfg = Release|Any CPU
		{8AABD7BB-C2D3-4898-9600-F405B9DBE30E}.Release|Any CPU.Build.0 = Release|Any CPU
	EndGlobalSection
	GlobalSection(SolutionProperties) = preSolution
		HideSolutionNode = FALSE
	EndGlobalSection
	GlobalSection(ExtensibilityGlobals) = postSolution
		SolutionGuid = {548A146C-B27D-449C-AE58-74189B774CE3}
	EndGlobalSection
EndGlobal
